// !$*UTF8*$!
{
	archiveVersion = 1;
	classes = {
	};
	objectVersion = 48;
	objects = {

/* Begin PBXBuildFile section */
		1DFD6A0F2D8D21B04240ABCD /* Pods_Todoey.framework in Frameworks */ = {isa = PBXBuildFile; fileRef = B43F1273E139CDAA4D118687 /* Pods_Todoey.framework */; };
		2B25CFB11FF5679C000EE41F /* AppDelegate.swift in Sources */ = {isa = PBXBuildFile; fileRef = 2B25CFB01FF5679C000EE41F /* AppDelegate.swift */; };
		2B25CFB31FF5679C000EE41F /* TodoListViewController.swift in Sources */ = {isa = PBXBuildFile; fileRef = 2B25CFB21FF5679C000EE41F /* TodoListViewController.swift */; };
		2B25CFB61FF5679C000EE41F /* Main.storyboard in Resources */ = {isa = PBXBuildFile; fileRef = 2B25CFB41FF5679C000EE41F /* Main.storyboard */; };
		2B25CFB81FF5679C000EE41F /* Assets.xcassets in Resources */ = {isa = PBXBuildFile; fileRef = 2B25CFB71FF5679C000EE41F /* Assets.xcassets */; };
		2B25CFBB1FF5679C000EE41F /* LaunchScreen.storyboard in Resources */ = {isa = PBXBuildFile; fileRef = 2B25CFB91FF5679C000EE41F /* LaunchScreen.storyboard */; };
		2B25CFEB1FF715BF000EE41F /* DataModel.xcdatamodeld in Sources */ = {isa = PBXBuildFile; fileRef = 2B25CFE91FF715BF000EE41F /* DataModel.xcdatamodeld */; };
		2B25CFED1FF7E9B8000EE41F /* CategoryViewController.swift in Sources */ = {isa = PBXBuildFile; fileRef = 2B25CFEC1FF7E9B8000EE41F /* CategoryViewController.swift */; };
/* End PBXBuildFile section */

/* Begin PBXFileReference section */
		095AB929D4CA22F94880C8D1 /* Pods-Todoey.release.xcconfig */ = {isa = PBXFileReference; includeInIndex = 1; lastKnownFileType = text.xcconfig; name = "Pods-Todoey.release.xcconfig"; path = "Pods/Target Support Files/Pods-Todoey/Pods-Todoey.release.xcconfig"; sourceTree = "<group>"; };
		2B25CFAD1FF5679C000EE41F /* Todoey.app */ = {isa = PBXFileReference; explicitFileType = wrapper.application; includeInIndex = 0; path = Todoey.app; sourceTree = BUILT_PRODUCTS_DIR; };
		2B25CFB01FF5679C000EE41F /* AppDelegate.swift */ = {isa = PBXFileReference; lastKnownFileType = sourcecode.swift; path = AppDelegate.swift; sourceTree = "<group>"; };
		2B25CFB21FF5679C000EE41F /* TodoListViewController.swift */ = {isa = PBXFileReference; lastKnownFileType = sourcecode.swift; path = TodoListViewController.swift; sourceTree = "<group>"; };
		2B25CFB51FF5679C000EE41F /* Base */ = {isa = PBXFileReference; lastKnownFileType = file.storyboard; name = Base; path = Base.lproj/Main.storyboard; sourceTree = "<group>"; };
		2B25CFB71FF5679C000EE41F /* Assets.xcassets */ = {isa = PBXFileReference; lastKnownFileType = folder.assetcatalog; path = Assets.xcassets; sourceTree = "<group>"; };
		2B25CFBA1FF5679C000EE41F /* Base */ = {isa = PBXFileReference; lastKnownFileType = file.storyboard; name = Base; path = Base.lproj/LaunchScreen.storyboard; sourceTree = "<group>"; };
		2B25CFBC1FF5679C000EE41F /* Info.plist */ = {isa = PBXFileReference; lastKnownFileType = text.plist.xml; path = Info.plist; sourceTree = "<group>"; };
		2B25CFEA1FF715BF000EE41F /* DataModel.xcdatamodel */ = {isa = PBXFileReference; lastKnownFileType = wrapper.xcdatamodel; path = DataModel.xcdatamodel; sourceTree = "<group>"; };
		2B25CFEC1FF7E9B8000EE41F /* CategoryViewController.swift */ = {isa = PBXFileReference; lastKnownFileType = sourcecode.swift; path = CategoryViewController.swift; sourceTree = "<group>"; };
		6E0B8087F5069751DB645126 /* Pods-Todoey.debug.xcconfig */ = {isa = PBXFileReference; includeInIndex = 1; lastKnownFileType = text.xcconfig; name = "Pods-Todoey.debug.xcconfig"; path = "Pods/Target Support Files/Pods-Todoey/Pods-Todoey.debug.xcconfig"; sourceTree = "<group>"; };
		B43F1273E139CDAA4D118687 /* Pods_Todoey.framework */ = {isa = PBXFileReference; explicitFileType = wrapper.framework; includeInIndex = 0; path = Pods_Todoey.framework; sourceTree = BUILT_PRODUCTS_DIR; };
/* End PBXFileReference section */

/* Begin PBXFrameworksBuildPhase section */
		2B25CFAA1FF5679C000EE41F /* Frameworks */ = {
			isa = PBXFrameworksBuildPhase;
			buildActionMask = 2147483647;
			files = (
				1DFD6A0F2D8D21B04240ABCD /* Pods_Todoey.framework in Frameworks */,
			);
			runOnlyForDeploymentPostprocessing = 0;
		};
/* End PBXFrameworksBuildPhase section */

/* Begin PBXGroup section */
		2B25CFA41FF5679C000EE41F = {
			isa = PBXGroup;
			children = (
				2B25CFAF1FF5679C000EE41F /* Todoey */,
				2B25CFAE1FF5679C000EE41F /* Products */,
				ECF0842F0DF7F8475BB0960F /* Pods */,
				2EA62EF957BA58280FBC7945 /* Frameworks */,
			);
			sourceTree = "<group>";
		};
		2B25CFAE1FF5679C000EE41F /* Products */ = {
			isa = PBXGroup;
			children = (
				2B25CFAD1FF5679C000EE41F /* Todoey.app */,
			);
			name = Products;
			sourceTree = "<group>";
		};
		2B25CFAF1FF5679C000EE41F /* Todoey */ = {
			isa = PBXGroup;
			children = (
				2B25CFB01FF5679C000EE41F /* AppDelegate.swift */,
				2B25CFC61FF68E45000EE41F /* Controller */,
				2B25CFC51FF68E16000EE41F /* View */,
				2B25CFC41FF68D5D000EE41F /* Model */,
				2B25CFC71FF68E85000EE41F /* Supporting Files */,
				2B25CFBC1FF5679C000EE41F /* Info.plist */,
			);
			path = Todoey;
			sourceTree = "<group>";
		};
		2B25CFC41FF68D5D000EE41F /* Model */ = {
			isa = PBXGroup;
			children = (
				2B25CFE91FF715BF000EE41F /* DataModel.xcdatamodeld */,
			);
			path = Model;
			sourceTree = "<group>";
		};
		2B25CFC51FF68E16000EE41F /* View */ = {
			isa = PBXGroup;
			children = (
				2B25CFB41FF5679C000EE41F /* Main.storyboard */,
			);
			path = View;
			sourceTree = "<group>";
		};
		2B25CFC61FF68E45000EE41F /* Controller */ = {
			isa = PBXGroup;
			children = (
				2B25CFEC1FF7E9B8000EE41F /* CategoryViewController.swift */,
				2B25CFB21FF5679C000EE41F /* TodoListViewController.swift */,
			);
			path = Controller;
			sourceTree = "<group>";
		};
		2B25CFC71FF68E85000EE41F /* Supporting Files */ = {
			isa = PBXGroup;
			children = (
				2B25CFB91FF5679C000EE41F /* LaunchScreen.storyboard */,
				2B25CFB71FF5679C000EE41F /* Assets.xcassets */,
			);
			path = "Supporting Files";
			sourceTree = "<group>";
		};
		2EA62EF957BA58280FBC7945 /* Frameworks */ = {
			isa = PBXGroup;
			children = (
				B43F1273E139CDAA4D118687 /* Pods_Todoey.framework */,
			);
			name = Frameworks;
			sourceTree = "<group>";
		};
		ECF0842F0DF7F8475BB0960F /* Pods */ = {
			isa = PBXGroup;
			children = (
				6E0B8087F5069751DB645126 /* Pods-Todoey.debug.xcconfig */,
				095AB929D4CA22F94880C8D1 /* Pods-Todoey.release.xcconfig */,
			);
			name = Pods;
			sourceTree = "<group>";
		};
/* End PBXGroup section */

/* Begin PBXNativeTarget section */
		2B25CFAC1FF5679C000EE41F /* Todoey */ = {
			isa = PBXNativeTarget;
			buildConfigurationList = 2B25CFBF1FF5679C000EE41F /* Build configuration list for PBXNativeTarget "Todoey" */;
			buildPhases = (
				F1246E12D797CDF682E50540 /* [CP] Check Pods Manifest.lock */,
				2B25CFA91FF5679C000EE41F /* Sources */,
				2B25CFAA1FF5679C000EE41F /* Frameworks */,
				2B25CFAB1FF5679C000EE41F /* Resources */,
				CB26389117335F4C0D508EA0 /* [CP] Embed Pods Frameworks */,
				3F18E6B21D179DEFF3817D63 /* [CP] Copy Pods Resources */,
			);
			buildRules = (
			);
			dependencies = (
			);
			name = Todoey;
			productName = Todoey;
			productReference = 2B25CFAD1FF5679C000EE41F /* Todoey.app */;
			productType = "com.apple.product-type.application";
		};
/* End PBXNativeTarget section */

/* Begin PBXProject section */
		2B25CFA51FF5679C000EE41F /* Project object */ = {
			isa = PBXProject;
			attributes = {
				LastSwiftUpdateCheck = 0920;
				LastUpgradeCheck = 0920;
				ORGANIZATIONNAME = ARC;
				TargetAttributes = {
					2B25CFAC1FF5679C000EE41F = {
						CreatedOnToolsVersion = 9.2;
						ProvisioningStyle = Automatic;
					};
				};
			};
			buildConfigurationList = 2B25CFA81FF5679C000EE41F /* Build configuration list for PBXProject "Todoey" */;
			compatibilityVersion = "Xcode 8.0";
			developmentRegion = en;
			hasScannedForEncodings = 0;
			knownRegions = (
				en,
				Base,
			);
			mainGroup = 2B25CFA41FF5679C000EE41F;
			productRefGroup = 2B25CFAE1FF5679C000EE41F /* Products */;
			projectDirPath = "";
			projectRoot = "";
			targets = (
				2B25CFAC1FF5679C000EE41F /* Todoey */,
			);
		};
/* End PBXProject section */

/* Begin PBXResourcesBuildPhase section */
		2B25CFAB1FF5679C000EE41F /* Resources */ = {
			isa = PBXResourcesBuildPhase;
			buildActionMask = 2147483647;
			files = (
				2B25CFBB1FF5679C000EE41F /* LaunchScreen.storyboard in Resources */,
				2B25CFB81FF5679C000EE41F /* Assets.xcassets in Resources */,
				2B25CFB61FF5679C000EE41F /* Main.storyboard in Resources */,
			);
			runOnlyForDeploymentPostprocessing = 0;
		};
/* End PBXResourcesBuildPhase section */

/* Begin PBXShellScriptBuildPhase section */
		3F18E6B21D179DEFF3817D63 /* [CP] Copy Pods Resources */ = {
			isa = PBXShellScriptBuildPhase;
			buildActionMask = 2147483647;
			files = (
			);
			inputPaths = (
			);
			name = "[CP] Copy Pods Resources";
			outputPaths = (
			);
			runOnlyForDeploymentPostprocessing = 0;
			shellPath = /bin/sh;
			shellScript = "\"${SRCROOT}/Pods/Target Support Files/Pods-Todoey/Pods-Todoey-resources.sh\"\n";
			showEnvVarsInLog = 0;
		};
		CB26389117335F4C0D508EA0 /* [CP] Embed Pods Frameworks */ = {
			isa = PBXShellScriptBuildPhase;
			buildActionMask = 2147483647;
			files = (
			);
			inputPaths = (
				"${SRCROOT}/Pods/Target Support Files/Pods-Todoey/Pods-Todoey-frameworks.sh",
				"${BUILT_PRODUCTS_DIR}/Realm/Realm.framework",
				"${BUILT_PRODUCTS_DIR}/RealmSwift/RealmSwift.framework",
			);
			name = "[CP] Embed Pods Frameworks";
			outputPaths = (
				"${TARGET_BUILD_DIR}/${FRAMEWORKS_FOLDER_PATH}/Realm.framework",
				"${TARGET_BUILD_DIR}/${FRAMEWORKS_FOLDER_PATH}/RealmSwift.framework",
			);
			runOnlyForDeploymentPostprocessing = 0;
			shellPath = /bin/sh;
			shellScript = "\"${SRCROOT}/Pods/Target Support Files/Pods-Todoey/Pods-Todoey-frameworks.sh\"\n";
			showEnvVarsInLog = 0;
		};
		F1246E12D797CDF682E50540 /* [CP] Check Pods Manifest.lock */ = {
			isa = PBXShellScriptBuildPhase;
			buildActionMask = 2147483647;
			files = (
			);
			inputPaths = (
				"${PODS_PODFILE_DIR_PATH}/Podfile.lock",
				"${PODS_ROOT}/Manifest.lock",
			);
			name = "[CP] Check Pods Manifest.lock";
			outputPaths = (
				"$(DERIVED_FILE_DIR)/Pods-Todoey-checkManifestLockResult.txt",
			);
			runOnlyForDeploymentPostprocessing = 0;
			shellPath = /bin/sh;
			shellScript = "diff \"${PODS_PODFILE_DIR_PATH}/Podfile.lock\" \"${PODS_ROOT}/Manifest.lock\" > /dev/null\nif [ $? != 0 ] ; then\n    # print error to STDERR\n    echo \"error: The sandbox is not in sync with the Podfile.lock. Run 'pod install' or update your CocoaPods installation.\" >&2\n    exit 1\nfi\n# This output is used by Xcode 'outputs' to avoid re-running this script phase.\necho \"SUCCESS\" > \"${SCRIPT_OUTPUT_FILE_0}\"\n";
			showEnvVarsInLog = 0;
		};
/* End PBXShellScriptBuildPhase section */

/* Begin PBXSourcesBuildPhase section */
		2B25CFA91FF5679C000EE41F /* Sources */ = {
			isa = PBXSourcesBuildPhase;
			buildActionMask = 2147483647;
			files = (
				2B25CFED1FF7E9B8000EE41F /* CategoryViewController.swift in Sources */,
				2B25CFB31FF5679C000EE41F /* TodoListViewController.swift in Sources */,
				2B25CFEB1FF715BF000EE41F /* DataModel.xcdatamodeld in Sources */,
				2B25CFB11FF5679C000EE41F /* AppDelegate.swift in Sources */,
			);
			runOnlyForDeploymentPostprocessing = 0;
		};
/* End PBXSourcesBuildPhase section */

/* Begin PBXVariantGroup section */
		2B25CFB41FF5679C000EE41F /* Main.storyboard */ = {
			isa = PBXVariantGroup;
			children = (
				2B25CFB51FF5679C000EE41F /* Base */,
			);
			name = Main.storyboard;
			sourceTree = "<group>";
		};
		2B25CFB91FF5679C000EE41F /* LaunchScreen.storyboard */ = {
			isa = PBXVariantGroup;
			children = (
				2B25CFBA1FF5679C000EE41F /* Base */,
			);
			name = LaunchScreen.storyboard;
			sourceTree = "<group>";
		};
/* End PBXVariantGroup section */

/* Begin XCBuildConfiguration section */
		2B25CFBD1FF5679C000EE41F /* Debug */ = {
			isa = XCBuildConfiguration;
			buildSettings = {
				ALWAYS_SEARCH_USER_PATHS = NO;
				CLANG_ANALYZER_NONNULL = YES;
				CLANG_ANALYZER_NUMBER_OBJECT_CONVERSION = YES_AGGRESSIVE;
				CLANG_CXX_LANGUAGE_STANDARD = "gnu++14";
				CLANG_CXX_LIBRARY = "libc++";
				CLANG_ENABLE_MODULES = YES;
				CLANG_ENABLE_OBJC_ARC = YES;
				CLANG_WARN_BLOCK_CAPTURE_AUTORELEASING = YES;
				CLANG_WARN_BOOL_CONVERSION = YES;
				CLANG_WARN_COMMA = YES;
				CLANG_WARN_CONSTANT_CONVERSION = YES;
				CLANG_WARN_DIRECT_OBJC_ISA_USAGE = YES_ERROR;
				CLANG_WARN_DOCUMENTATION_COMMENTS = YES;
				CLANG_WARN_EMPTY_BODY = YES;
				CLANG_WARN_ENUM_CONVERSION = YES;
				CLANG_WARN_INFINITE_RECURSION = YES;
				CLANG_WARN_INT_CONVERSION = YES;
				CLANG_WARN_NON_LITERAL_NULL_CONVERSION = YES;
				CLANG_WARN_OBJC_LITERAL_CONVERSION = YES;
				CLANG_WARN_OBJC_ROOT_CLASS = YES_ERROR;
				CLANG_WARN_RANGE_LOOP_ANALYSIS = YES;
				CLANG_WARN_STRICT_PROTOTYPES = YES;
				CLANG_WARN_SUSPICIOUS_MOVE = YES;
				CLANG_WARN_UNGUARDED_AVAILABILITY = YES_AGGRESSIVE;
				CLANG_WARN_UNREACHABLE_CODE = YES;
				CLANG_WARN__DUPLICATE_METHOD_MATCH = YES;
				CODE_SIGN_IDENTITY = "iPhone Developer";
				COPY_PHASE_STRIP = NO;
				DEBUG_INFORMATION_FORMAT = dwarf;
				ENABLE_STRICT_OBJC_MSGSEND = YES;
				ENABLE_TESTABILITY = YES;
				GCC_C_LANGUAGE_STANDARD = gnu11;
				GCC_DYNAMIC_NO_PIC = NO;
				GCC_NO_COMMON_BLOCKS = YES;
				GCC_OPTIMIZATION_LEVEL = 0;
				GCC_PREPROCESSOR_DEFINITIONS = (
					"DEBUG=1",
					"$(inherited)",
				);
				GCC_WARN_64_TO_32_BIT_CONVERSION = YES;
				GCC_WARN_ABOUT_RETURN_TYPE = YES_ERROR;
				GCC_WARN_UNDECLARED_SELECTOR = YES;
				GCC_WARN_UNINITIALIZED_AUTOS = YES_AGGRESSIVE;
				GCC_WARN_UNUSED_FUNCTION = YES;
				GCC_WARN_UNUSED_VARIABLE = YES;
				IPHONEOS_DEPLOYMENT_TARGET = 11.2;
				MTL_ENABLE_DEBUG_INFO = YES;
				ONLY_ACTIVE_ARCH = YES;
				SDKROOT = iphoneos;
				SWIFT_ACTIVE_COMPILATION_CONDITIONS = DEBUG;
				SWIFT_OPTIMIZATION_LEVEL = "-Onone";
			};
			name = Debug;
		};
		2B25CFBE1FF5679C000EE41F /* Release */ = {
			isa = XCBuildConfiguration;
			buildSettings = {
				ALWAYS_SEARCH_USER_PATHS = NO;
				CLANG_ANALYZER_NONNULL = YES;
				CLANG_ANALYZER_NUMBER_OBJECT_CONVERSION = YES_AGGRESSIVE;
				CLANG_CXX_LANGUAGE_STANDARD = "gnu++14";
				CLANG_CXX_LIBRARY = "libc++";
				CLANG_ENABLE_MODULES = YES;
				CLANG_ENABLE_OBJC_ARC = YES;
				CLANG_WARN_BLOCK_CAPTURE_AUTORELEASING = YES;
				CLANG_WARN_BOOL_CONVERSION = YES;
				CLANG_WARN_COMMA = YES;
				CLANG_WARN_CONSTANT_CONVERSION = YES;
				CLANG_WARN_DIRECT_OBJC_ISA_USAGE = YES_ERROR;
				CLANG_WARN_DOCUMENTATION_COMMENTS = YES;
				CLANG_WARN_EMPTY_BODY = YES;
				CLANG_WARN_ENUM_CONVERSION = YES;
				CLANG_WARN_INFINITE_RECURSION = YES;
				CLANG_WARN_INT_CONVERSION = YES;
				CLANG_WARN_NON_LITERAL_NULL_CONVERSION = YES;
				CLANG_WARN_OBJC_LITERAL_CONVERSION = YES;
				CLANG_WARN_OBJC_ROOT_CLASS = YES_ERROR;
				CLANG_WARN_RANGE_LOOP_ANALYSIS = YES;
				CLANG_WARN_STRICT_PROTOTYPES = YES;
				CLANG_WARN_SUSPICIOUS_MOVE = YES;
				CLANG_WARN_UNGUARDED_AVAILABILITY = YES_AGGRESSIVE;
				CLANG_WARN_UNREACHABLE_CODE = YES;
				CLANG_WARN__DUPLICATE_METHOD_MATCH = YES;
				CODE_SIGN_IDENTITY = "iPhone Developer";
				COPY_PHASE_STRIP = NO;
				DEBUG_INFORMATION_FORMAT = "dwarf-with-dsym";
				ENABLE_NS_ASSERTIONS = NO;
				ENABLE_STRICT_OBJC_MSGSEND = YES;
				GCC_C_LANGUAGE_STANDARD = gnu11;
				GCC_NO_COMMON_BLOCKS = YES;
				GCC_WARN_64_TO_32_BIT_CONVERSION = YES;
				GCC_WARN_ABOUT_RETURN_TYPE = YES_ERROR;
				GCC_WARN_UNDECLARED_SELECTOR = YES;
				GCC_WARN_UNINITIALIZED_AUTOS = YES_AGGRESSIVE;
				GCC_WARN_UNUSED_FUNCTION = YES;
				GCC_WARN_UNUSED_VARIABLE = YES;
				IPHONEOS_DEPLOYMENT_TARGET = 11.2;
				MTL_ENABLE_DEBUG_INFO = NO;
				SDKROOT = iphoneos;
				SWIFT_OPTIMIZATION_LEVEL = "-Owholemodule";
				VALIDATE_PRODUCT = YES;
			};
			name = Release;
		};
		2B25CFC01FF5679C000EE41F /* Debug */ = {
			isa = XCBuildConfiguration;
			baseConfigurationReference = 6E0B8087F5069751DB645126 /* Pods-Todoey.debug.xcconfig */;
			buildSettings = {
				ASSETCATALOG_COMPILER_APPICON_NAME = AppIcon;
				CODE_SIGN_STYLE = Automatic;
				DEVELOPMENT_TEAM = 6X8K78HFUB;
				INFOPLIST_FILE = Todoey/Info.plist;
				LD_RUNPATH_SEARCH_PATHS = "$(inherited) @executable_path/Frameworks";
				PRODUCT_BUNDLE_IDENTIFIER = ninja.arc.Todoey;
				PRODUCT_NAME = "$(TARGET_NAME)";
				SWIFT_VERSION = 4.0;
				TARGETED_DEVICE_FAMILY = "1,2";
			};
			name = Debug;
		};
		2B25CFC11FF5679C000EE41F /* Release */ = {
			isa = XCBuildConfiguration;
			baseConfigurationReference = 095AB929D4CA22F94880C8D1 /* Pods-Todoey.release.xcconfig */;
			buildSettings = {
				ASSETCATALOG_COMPILER_APPICON_NAME = AppIcon;
				CODE_SIGN_STYLE = Automatic;
				DEVELOPMENT_TEAM = 6X8K78HFUB;
				INFOPLIST_FILE = Todoey/Info.plist;
				LD_RUNPATH_SEARCH_PATHS = "$(inherited) @executable_path/Frameworks";
				PRODUCT_BUNDLE_IDENTIFIER = ninja.arc.Todoey;
				PRODUCT_NAME = "$(TARGET_NAME)";
				SWIFT_VERSION = 4.0;
				TARGETED_DEVICE_FAMILY = "1,2";
			};
			name = Release;
		};
/* End XCBuildConfiguration section */

/* Begin XCConfigurationList section */
		2B25CFA81FF5679C000EE41F /* Build configuration list for PBXProject "Todoey" */ = {
			isa = XCConfigurationList;
			buildConfigurations = (
				2B25CFBD1FF5679C000EE41F /* Debug */,
				2B25CFBE1FF5679C000EE41F /* Release */,
			);
			defaultConfigurationIsVisible = 0;
			defaultConfigurationName = Release;
		};
		2B25CFBF1FF5679C000EE41F /* Build configuration list for PBXNativeTarget "Todoey" */ = {
			isa = XCConfigurationList;
			buildConfigurations = (
				2B25CFC01FF5679C000EE41F /* Debug */,
				2B25CFC11FF5679C000EE41F /* Release */,
			);
			defaultConfigurationIsVisible = 0;
			defaultConfigurationName = Release;
		};
/* End XCConfigurationList section */

/* Begin XCVersionGroup section */
		2B25CFE91FF715BF000EE41F /* DataModel.xcdatamodeld */ = {
			isa = XCVersionGroup;
			children = (
				2B25CFEA1FF715BF000EE41F /* DataModel.xcdatamodel */,
			);
			currentVersion = 2B25CFEA1FF715BF000EE41F /* DataModel.xcdatamodel */;
			path = DataModel.xcdatamodeld;
			sourceTree = "<group>";
			versionGroupType = wrapper.xcdatamodel;
		};
/* End XCVersionGroup section */
	};
	rootObject = 2B25CFA51FF5679C000EE41F /* Project object */;
}
